
Microsoft Visual Studio Solution File, Format Version 12.00
# Visual Studio Version 16
VisualStudioVersion = 16.0.30011.22
MinimumVisualStudioVersion = 10.0.40219.1
Project("{FAE04EC0-301F-11D3-BF4B-00C04F79EFBC}") = "RockPaperScissors.sln", "RockPaperScissors.sln.csproj", "{B6599FC5-AEE6-42D0-B483-1B071AC6A03D}"
EndProject
Global
	GlobalSection(SolutionConfigurationPlatforms) = preSolution
		Debug|Any CPU = Debug|Any CPU
		Release|Any CPU = Release|Any CPU
	EndGlobalSection
	GlobalSection(ProjectConfigurationPlatforms) = postSolution
		{B6599FC5-AEE6-42D0-B483-1B071AC6A03D}.Debug|Any CPU.ActiveCfg = Debug|Any CPU
		{B6599FC5-AEE6-42D0-B483-1B071AC6A03D}.Debug|Any CPU.Build.0 = Debug|Any CPU
		{B6599FC5-AEE6-42D0-B483-1B071AC6A03D}.Release|Any CPU.ActiveCfg = Release|Any CPU
		{B6599FC5-AEE6-42D0-B483-1B071AC6A03D}.Release|Any CPU.Build.0 = Release|Any CPU
	EndGlobalSection
	GlobalSection(SolutionProperties) = preSolution
		HideSolutionNode = FALSE
	EndGlobalSection
	GlobalSection(ExtensibilityGlobals) = postSolution
		SolutionGuid = {6307016F-4EFC-45CA-8FB6-DED9F6499CE1}
	EndGlobalSection
EndGlobal
