
Microsoft Visual Studio Solution File, Format Version 12.00
# Visual Studio Version 16
VisualStudioVersion = 16.0.30011.22
MinimumVisualStudioVersion = 10.0.40219.1
Project("{FAE04EC0-301F-11D3-BF4B-00C04F79EFBC}") = "SummativeSums.sln", "SummativeSums.sln.csproj", "{377148E9-F9A2-4B85-9CC6-24032BDD756C}"
EndProject
Global
	GlobalSection(SolutionConfigurationPlatforms) = preSolution
		Debug|Any CPU = Debug|Any CPU
		Release|Any CPU = Release|Any CPU
	EndGlobalSection
	GlobalSection(ProjectConfigurationPlatforms) = postSolution
		{377148E9-F9A2-4B85-9CC6-24032BDD756C}.Debug|Any CPU.ActiveCfg = Debug|Any CPU
		{377148E9-F9A2-4B85-9CC6-24032BDD756C}.Debug|Any CPU.Build.0 = Debug|Any CPU
		{377148E9-F9A2-4B85-9CC6-24032BDD756C}.Release|Any CPU.ActiveCfg = Release|Any CPU
		{377148E9-F9A2-4B85-9CC6-24032BDD756C}.Release|Any CPU.Build.0 = Release|Any CPU
	EndGlobalSection
	GlobalSection(SolutionProperties) = preSolution
		HideSolutionNode = FALSE
	EndGlobalSection
	GlobalSection(ExtensibilityGlobals) = postSolution
		SolutionGuid = {7692B193-1F46-4BB0-AFE5-633994A5EB41}
	EndGlobalSection
EndGlobal
